
Microsoft Visual Studio Solution File, Format Version 12.00
# Visual Studio Version 17
VisualStudioVersion = 17.2.32630.192
MinimumVisualStudioVersion = 10.0.40219.1
Project("{8BC9CEB8-8B4A-11D0-8D11-00A0C91BC942}") = "No.2(variant10)", "No.2(variant10).vcxproj", "{2CF112DF-E079-40CE-88CD-F6CCE7A2EBDF}"
EndProject
Global
	GlobalSection(SolutionConfigurationPlatforms) = preSolution
		Debug|x64 = Debug|x64
		Debug|x86 = Debug|x86
		Release|x64 = Release|x64
		Release|x86 = Release|x86
	EndGlobalSection
	GlobalSection(ProjectConfigurationPlatforms) = postSolution
		{2CF112DF-E079-40CE-88CD-F6CCE7A2EBDF}.Debug|x64.ActiveCfg = Debug|x64
		{2CF112DF-E079-40CE-88CD-F6CCE7A2EBDF}.Debug|x64.Build.0 = Debug|x64
		{2CF112DF-E079-40CE-88CD-F6CCE7A2EBDF}.Debug|x86.ActiveCfg = Debug|Win32
		{2CF112DF-E079-40CE-88CD-F6CCE7A2EBDF}.Debug|x86.Build.0 = Debug|Win32
		{2CF112DF-E079-40CE-88CD-F6CCE7A2EBDF}.Release|x64.ActiveCfg = Release|x64
		{2CF112DF-E079-40CE-88CD-F6CCE7A2EBDF}.Release|x64.Build.0 = Release|x64
		{2CF112DF-E079-40CE-88CD-F6CCE7A2EBDF}.Release|x86.ActiveCfg = Release|Win32
		{2CF112DF-E079-40CE-88CD-F6CCE7A2EBDF}.Release|x86.Build.0 = Release|Win32
	EndGlobalSection
	GlobalSection(SolutionProperties) = preSolution
		HideSolutionNode = FALSE
	EndGlobalSection
	GlobalSection(ExtensibilityGlobals) = postSolution
		SolutionGuid = {B369D1C4-6C03-43F5-A270-4101B8E326E4}
	EndGlobalSection
EndGlobal
